
Microsoft Visual Studio Solution File, Format Version 12.00
# Visual Studio Version 16
VisualStudioVersion = 16.0.31727.386
MinimumVisualStudioVersion = 10.0.40219.1
Project("{FAE04EC0-301F-11D3-BF4B-00C04F79EFBC}") = "IterationStatementsE1", "IterationStatementsE1.csproj", "{D3C650B6-C0B3-47DB-A268-8659337174CE}"
EndProject
Global
	GlobalSection(SolutionConfigurationPlatforms) = preSolution
		Debug|Any CPU = Debug|Any CPU
		Release|Any CPU = Release|Any CPU
	EndGlobalSection
	GlobalSection(ProjectConfigurationPlatforms) = postSolution
		{D3C650B6-C0B3-47DB-A268-8659337174CE}.Debug|Any CPU.ActiveCfg = Debug|Any CPU
		{D3C650B6-C0B3-47DB-A268-8659337174CE}.Debug|Any CPU.Build.0 = Debug|Any CPU
		{D3C650B6-C0B3-47DB-A268-8659337174CE}.Release|Any CPU.ActiveCfg = Release|Any CPU
		{D3C650B6-C0B3-47DB-A268-8659337174CE}.Release|Any CPU.Build.0 = Release|Any CPU
	EndGlobalSection
	GlobalSection(SolutionProperties) = preSolution
		HideSolutionNode = FALSE
	EndGlobalSection
	GlobalSection(ExtensibilityGlobals) = postSolution
		SolutionGuid = {75B9D10F-09DA-43C7-A9F0-DEAA7B7F6C26}
	EndGlobalSection
EndGlobal
